
Microsoft Visual Studio Solution File, Format Version 12.00
# Visual Studio Version 17
VisualStudioVersion = 17.11.35312.102
MinimumVisualStudioVersion = 10.0.40219.1
Project("{FAE04EC0-301F-11D3-BF4B-00C04F79EFBC}") = "Hackathon", "Hackathon.csproj", "{4B286E10-7C86-4E1A-8F17-A9B10A686D87}"
EndProject
Global
	GlobalSection(SolutionConfigurationPlatforms) = preSolution
		Debug|Any CPU = Debug|Any CPU
		Release|Any CPU = Release|Any CPU
	EndGlobalSection
	GlobalSection(ProjectConfigurationPlatforms) = postSolution
		{4B286E10-7C86-4E1A-8F17-A9B10A686D87}.Debug|Any CPU.ActiveCfg = Debug|Any CPU
		{4B286E10-7C86-4E1A-8F17-A9B10A686D87}.Debug|Any CPU.Build.0 = Debug|Any CPU
		{4B286E10-7C86-4E1A-8F17-A9B10A686D87}.Release|Any CPU.ActiveCfg = Release|Any CPU
		{4B286E10-7C86-4E1A-8F17-A9B10A686D87}.Release|Any CPU.Build.0 = Release|Any CPU
	EndGlobalSection
	GlobalSection(SolutionProperties) = preSolution
		HideSolutionNode = FALSE
	EndGlobalSection
	GlobalSection(ExtensibilityGlobals) = postSolution
		SolutionGuid = {C595639D-0039-4D51-BC1D-9E938EF98B0D}
	EndGlobalSection
EndGlobal
